// !$*UTF8*$!
{
	archiveVersion = 1;
	classes = {
	};
	objectVersion = 46;
	objects = {

/* Begin PBXBuildFile section */
		5A476227196704FB00E30E3F /* Foundation.framework in Frameworks */ = {isa = PBXBuildFile; fileRef = 5A476226196704FB00E30E3F /* Foundation.framework */; };
		5A476229196704FB00E30E3F /* CoreGraphics.framework in Frameworks */ = {isa = PBXBuildFile; fileRef = 5A476228196704FB00E30E3F /* CoreGraphics.framework */; };
		5A47622B196704FB00E30E3F /* UIKit.framework in Frameworks */ = {isa = PBXBuildFile; fileRef = 5A47622A196704FB00E30E3F /* UIKit.framework */; };
		5A476231196704FB00E30E3F /* InfoPlist.strings in Resources */ = {isa = PBXBuildFile; fileRef = 5A47622F196704FB00E30E3F /* InfoPlist.strings */; };
		5A476233196704FB00E30E3F /* main.m in Sources */ = {isa = PBXBuildFile; fileRef = 5A476232196704FB00E30E3F /* main.m */; };
		5A476237196704FB00E30E3F /* XYZAppDelegate.m in Sources */ = {isa = PBXBuildFile; fileRef = 5A476236196704FB00E30E3F /* XYZAppDelegate.m */; };
		5A47623A196704FB00E30E3F /* Main.storyboard in Resources */ = {isa = PBXBuildFile; fileRef = 5A476238196704FB00E30E3F /* Main.storyboard */; };
		5A476242196704FB00E30E3F /* Images.xcassets in Resources */ = {isa = PBXBuildFile; fileRef = 5A476241196704FB00E30E3F /* Images.xcassets */; };
		5A476249196704FB00E30E3F /* XCTest.framework in Frameworks */ = {isa = PBXBuildFile; fileRef = 5A476248196704FB00E30E3F /* XCTest.framework */; };
		5A47624A196704FB00E30E3F /* Foundation.framework in Frameworks */ = {isa = PBXBuildFile; fileRef = 5A476226196704FB00E30E3F /* Foundation.framework */; };
		5A47624B196704FB00E30E3F /* UIKit.framework in Frameworks */ = {isa = PBXBuildFile; fileRef = 5A47622A196704FB00E30E3F /* UIKit.framework */; };
		5A476253196704FB00E30E3F /* InfoPlist.strings in Resources */ = {isa = PBXBuildFile; fileRef = 5A476251196704FB00E30E3F /* InfoPlist.strings */; };
		5A476255196704FB00E30E3F /* DIS2MobileApplicationTests.m in Sources */ = {isa = PBXBuildFile; fileRef = 5A476254196704FB00E30E3F /* DIS2MobileApplicationTests.m */; };
		5A4762611967064700E30E3F /* GameOfThrones.png in Resources */ = {isa = PBXBuildFile; fileRef = 5A4762601967064700E30E3F /* GameOfThrones.png */; };
		5A47626319673D8F00E30E3F /* NowWatchingPreviewFront.xib in Resources */ = {isa = PBXBuildFile; fileRef = 5A47626219673D8F00E30E3F /* NowWatchingPreviewFront.xib */; };
		5A47626519673EDF00E30E3F /* NowWatchingPreviewBack.xib in Resources */ = {isa = PBXBuildFile; fileRef = 5A47626419673EDF00E30E3F /* NowWatchingPreviewBack.xib */; };
		5A6095BB19721D74000EBBEC /* Shadow.png in Resources */ = {isa = PBXBuildFile; fileRef = 5A6095BA19721D74000EBBEC /* Shadow.png */; };
		5A6095C119722073000EBBEC /* XYZFriendsNowWatchingViewController.m in Sources */ = {isa = PBXBuildFile; fileRef = 5A6095C019722073000EBBEC /* XYZFriendsNowWatchingViewController.m */; };
		5A6095C319722424000EBBEC /* Post.xib in Resources */ = {isa = PBXBuildFile; fileRef = 5A6095C219722424000EBBEC /* Post.xib */; };
		5A6095C919727849000EBBEC /* XYZPostView.m in Sources */ = {isa = PBXBuildFile; fileRef = 5A6095C819727849000EBBEC /* XYZPostView.m */; };
		5A6095CF1972895A000EBBEC /* XYZPost.m in Sources */ = {isa = PBXBuildFile; fileRef = 5A6095CE1972895A000EBBEC /* XYZPost.m */; };
		5A6095D219728C1C000EBBEC /* XYZProfile.m in Sources */ = {isa = PBXBuildFile; fileRef = 5A6095D119728C1C000EBBEC /* XYZProfile.m */; };
		5A6095DD1973E35F000EBBEC /* Frozen.png in Resources */ = {isa = PBXBuildFile; fileRef = 5A6095D71973E35F000EBBEC /* Frozen.png */; };
		5A6095DE1973E35F000EBBEC /* Edge.png in Resources */ = {isa = PBXBuildFile; fileRef = 5A6095D81973E35F000EBBEC /* Edge.png */; };
		5A6095DF1973E35F000EBBEC /* Hobbit.png in Resources */ = {isa = PBXBuildFile; fileRef = 5A6095D91973E35F000EBBEC /* Hobbit.png */; };
		5A6095E01973E35F000EBBEC /* Xmen.png in Resources */ = {isa = PBXBuildFile; fileRef = 5A6095DA1973E35F000EBBEC /* Xmen.png */; };
		5A6095E11973E35F000EBBEC /* Matrix.png in Resources */ = {isa = PBXBuildFile; fileRef = 5A6095DB1973E35F000EBBEC /* Matrix.png */; };
		5A6095E81973E3C1000EBBEC /* XYZAllShows.m in Sources */ = {isa = PBXBuildFile; fileRef = 5A6095E71973E3C1000EBBEC /* XYZAllShows.m */; };
		5A6095EB1973F1BF000EBBEC /* XYZAllPosts.m in Sources */ = {isa = PBXBuildFile; fileRef = 5A6095EA1973F1BF000EBBEC /* XYZAllPosts.m */; };
		5A6095ED1973F7EB000EBBEC /* StrangeLove.png in Resources */ = {isa = PBXBuildFile; fileRef = 5A6095EC1973F7EB000EBBEC /* StrangeLove.png */; };
		5ABFC59519684D3D00EE3612 /* XYZNowWatchingViewController.m in Sources */ = {isa = PBXBuildFile; fileRef = 5ABFC59419684D3D00EE3612 /* XYZNowWatchingViewController.m */; };
		5ABFC59B1968537D00EE3612 /* XYZNowWatchingPreviewFront.m in Sources */ = {isa = PBXBuildFile; fileRef = 5ABFC59A1968537D00EE3612 /* XYZNowWatchingPreviewFront.m */; };
		5ABFC59E196853D300EE3612 /* XYZNowWatchingPreviewBack.m in Sources */ = {isa = PBXBuildFile; fileRef = 5ABFC59D196853D300EE3612 /* XYZNowWatchingPreviewBack.m */; };
		5ABFC5A61968C34600EE3612 /* Like.png in Resources */ = {isa = PBXBuildFile; fileRef = 5ABFC5A21968C34600EE3612 /* Like.png */; };
		5ABFC5A71968C34600EE3612 /* ReadMore.png in Resources */ = {isa = PBXBuildFile; fileRef = 5ABFC5A31968C34600EE3612 /* ReadMore.png */; };
		5ABFC5A81968C34600EE3612 /* Share.png in Resources */ = {isa = PBXBuildFile; fileRef = 5ABFC5A41968C34600EE3612 /* Share.png */; };
		5AEA66AE196BFCBB0076D38F /* XYZShow.m in Sources */ = {isa = PBXBuildFile; fileRef = 5AEA66AD196BFCBB0076D38F /* XYZShow.m */; };
		5AEA66B3196F3E700076D38F /* Suggest.png in Resources */ = {isa = PBXBuildFile; fileRef = 5AEA66B2196F3E700076D38F /* Suggest.png */; };
		5AEA66B8196F46470076D38F /* Devashish.png in Resources */ = {isa = PBXBuildFile; fileRef = 5AEA66B7196F46470076D38F /* Devashish.png */; };
		5AEA66BA196F55D80076D38F /* Play.png in Resources */ = {isa = PBXBuildFile; fileRef = 5AEA66B9196F55D70076D38F /* Play.png */; };
/* End PBXBuildFile section */

/* Begin PBXContainerItemProxy section */
		5A47624C196704FB00E30E3F /* PBXContainerItemProxy */ = {
			isa = PBXContainerItemProxy;
			containerPortal = 5A47621B196704FB00E30E3F /* Project object */;
			proxyType = 1;
			remoteGlobalIDString = 5A476222196704FB00E30E3F;
			remoteInfo = DIS2MobileApplication;
		};
/* End PBXContainerItemProxy section */

/* Begin PBXFileReference section */
		5A476223196704FB00E30E3F /* DIS2MobileApplication.app */ = {isa = PBXFileReference; explicitFileType = wrapper.application; includeInIndex = 0; path = DIS2MobileApplication.app; sourceTree = BUILT_PRODUCTS_DIR; };
		5A476226196704FB00E30E3F /* Foundation.framework */ = {isa = PBXFileReference; lastKnownFileType = wrapper.framework; name = Foundation.framework; path = System/Library/Frameworks/Foundation.framework; sourceTree = SDKROOT; };
		5A476228196704FB00E30E3F /* CoreGraphics.framework */ = {isa = PBXFileReference; lastKnownFileType = wrapper.framework; name = CoreGraphics.framework; path = System/Library/Frameworks/CoreGraphics.framework; sourceTree = SDKROOT; };
		5A47622A196704FB00E30E3F /* UIKit.framework */ = {isa = PBXFileReference; lastKnownFileType = wrapper.framework; name = UIKit.framework; path = System/Library/Frameworks/UIKit.framework; sourceTree = SDKROOT; };
		5A47622E196704FB00E30E3F /* DIS2MobileApplication-Info.plist */ = {isa = PBXFileReference; lastKnownFileType = text.plist.xml; path = "DIS2MobileApplication-Info.plist"; sourceTree = "<group>"; };
		5A476230196704FB00E30E3F /* en */ = {isa = PBXFileReference; lastKnownFileType = text.plist.strings; name = en; path = en.lproj/InfoPlist.strings; sourceTree = "<group>"; };
		5A476232196704FB00E30E3F /* main.m */ = {isa = PBXFileReference; lastKnownFileType = sourcecode.c.objc; path = main.m; sourceTree = "<group>"; };
		5A476234196704FB00E30E3F /* DIS2MobileApplication-Prefix.pch */ = {isa = PBXFileReference; lastKnownFileType = sourcecode.c.h; path = "DIS2MobileApplication-Prefix.pch"; sourceTree = "<group>"; };
		5A476235196704FB00E30E3F /* XYZAppDelegate.h */ = {isa = PBXFileReference; lastKnownFileType = sourcecode.c.h; path = XYZAppDelegate.h; sourceTree = "<group>"; };
		5A476236196704FB00E30E3F /* XYZAppDelegate.m */ = {isa = PBXFileReference; lastKnownFileType = sourcecode.c.objc; path = XYZAppDelegate.m; sourceTree = "<group>"; };
		5A476239196704FB00E30E3F /* Base */ = {isa = PBXFileReference; lastKnownFileType = file.storyboard; name = Base; path = Base.lproj/Main.storyboard; sourceTree = "<group>"; };
		5A476241196704FB00E30E3F /* Images.xcassets */ = {isa = PBXFileReference; lastKnownFileType = folder.assetcatalog; path = Images.xcassets; sourceTree = "<group>"; };
		5A476247196704FB00E30E3F /* DIS2MobileApplicationTests.xctest */ = {isa = PBXFileReference; explicitFileType = wrapper.cfbundle; includeInIndex = 0; path = DIS2MobileApplicationTests.xctest; sourceTree = BUILT_PRODUCTS_DIR; };
		5A476248196704FB00E30E3F /* XCTest.framework */ = {isa = PBXFileReference; lastKnownFileType = wrapper.framework; name = XCTest.framework; path = Library/Frameworks/XCTest.framework; sourceTree = DEVELOPER_DIR; };
		5A476250196704FB00E30E3F /* DIS2MobileApplicationTests-Info.plist */ = {isa = PBXFileReference; lastKnownFileType = text.plist.xml; path = "DIS2MobileApplicationTests-Info.plist"; sourceTree = "<group>"; };
		5A476252196704FB00E30E3F /* en */ = {isa = PBXFileReference; lastKnownFileType = text.plist.strings; name = en; path = en.lproj/InfoPlist.strings; sourceTree = "<group>"; };
		5A476254196704FB00E30E3F /* DIS2MobileApplicationTests.m */ = {isa = PBXFileReference; lastKnownFileType = sourcecode.c.objc; path = DIS2MobileApplicationTests.m; sourceTree = "<group>"; };
		5A4762601967064700E30E3F /* GameOfThrones.png */ = {isa = PBXFileReference; lastKnownFileType = image.png; path = GameOfThrones.png; sourceTree = "<group>"; };
		5A47626219673D8F00E30E3F /* NowWatchingPreviewFront.xib */ = {isa = PBXFileReference; fileEncoding = 4; lastKnownFileType = file.xib; path = NowWatchingPreviewFront.xib; sourceTree = "<group>"; };
		5A47626419673EDF00E30E3F /* NowWatchingPreviewBack.xib */ = {isa = PBXFileReference; fileEncoding = 4; lastKnownFileType = file.xib; path = NowWatchingPreviewBack.xib; sourceTree = "<group>"; };
		5A6095BA19721D74000EBBEC /* Shadow.png */ = {isa = PBXFileReference; lastKnownFileType = image.png; path = Shadow.png; sourceTree = "<group>"; };
		5A6095BF19722073000EBBEC /* XYZFriendsNowWatchingViewController.h */ = {isa = PBXFileReference; fileEncoding = 4; lastKnownFileType = sourcecode.c.h; path = XYZFriendsNowWatchingViewController.h; sourceTree = "<group>"; };
		5A6095C019722073000EBBEC /* XYZFriendsNowWatchingViewController.m */ = {isa = PBXFileReference; fileEncoding = 4; lastKnownFileType = sourcecode.c.objc; path = XYZFriendsNowWatchingViewController.m; sourceTree = "<group>"; };
		5A6095C219722424000EBBEC /* Post.xib */ = {isa = PBXFileReference; fileEncoding = 4; lastKnownFileType = file.xib; path = Post.xib; sourceTree = "<group>"; };
		5A6095C719727849000EBBEC /* XYZPostView.h */ = {isa = PBXFileReference; fileEncoding = 4; lastKnownFileType = sourcecode.c.h; path = XYZPostView.h; sourceTree = "<group>"; };
		5A6095C819727849000EBBEC /* XYZPostView.m */ = {isa = PBXFileReference; fileEncoding = 4; lastKnownFileType = sourcecode.c.objc; path = XYZPostView.m; sourceTree = "<group>"; };
		5A6095CD1972895A000EBBEC /* XYZPost.h */ = {isa = PBXFileReference; fileEncoding = 4; lastKnownFileType = sourcecode.c.h; path = XYZPost.h; sourceTree = "<group>"; };
		5A6095CE1972895A000EBBEC /* XYZPost.m */ = {isa = PBXFileReference; fileEncoding = 4; lastKnownFileType = sourcecode.c.objc; path = XYZPost.m; sourceTree = "<group>"; };
		5A6095D019728C1C000EBBEC /* XYZProfile.h */ = {isa = PBXFileReference; fileEncoding = 4; lastKnownFileType = sourcecode.c.h; path = XYZProfile.h; sourceTree = "<group>"; };
		5A6095D119728C1C000EBBEC /* XYZProfile.m */ = {isa = PBXFileReference; fileEncoding = 4; lastKnownFileType = sourcecode.c.objc; path = XYZProfile.m; sourceTree = "<group>"; };
		5A6095D71973E35F000EBBEC /* Frozen.png */ = {isa = PBXFileReference; lastKnownFileType = image.png; path = Frozen.png; sourceTree = "<group>"; };
		5A6095D81973E35F000EBBEC /* Edge.png */ = {isa = PBXFileReference; lastKnownFileType = image.png; path = Edge.png; sourceTree = "<group>"; };
		5A6095D91973E35F000EBBEC /* Hobbit.png */ = {isa = PBXFileReference; lastKnownFileType = image.png; path = Hobbit.png; sourceTree = "<group>"; };
		5A6095DA1973E35F000EBBEC /* Xmen.png */ = {isa = PBXFileReference; lastKnownFileType = image.png; path = Xmen.png; sourceTree = "<group>"; };
		5A6095DB1973E35F000EBBEC /* Matrix.png */ = {isa = PBXFileReference; lastKnownFileType = image.png; path = Matrix.png; sourceTree = "<group>"; };
		5A6095E61973E3C1000EBBEC /* XYZAllShows.h */ = {isa = PBXFileReference; fileEncoding = 4; lastKnownFileType = sourcecode.c.h; path = XYZAllShows.h; sourceTree = "<group>"; };
		5A6095E71973E3C1000EBBEC /* XYZAllShows.m */ = {isa = PBXFileReference; fileEncoding = 4; lastKnownFileType = sourcecode.c.objc; path = XYZAllShows.m; sourceTree = "<group>"; };
		5A6095E91973F1BF000EBBEC /* XYZAllPosts.h */ = {isa = PBXFileReference; fileEncoding = 4; lastKnownFileType = sourcecode.c.h; path = XYZAllPosts.h; sourceTree = "<group>"; };
		5A6095EA1973F1BF000EBBEC /* XYZAllPosts.m */ = {isa = PBXFileReference; fileEncoding = 4; lastKnownFileType = sourcecode.c.objc; path = XYZAllPosts.m; sourceTree = "<group>"; };
		5A6095EC1973F7EB000EBBEC /* StrangeLove.png */ = {isa = PBXFileReference; lastKnownFileType = image.png; path = StrangeLove.png; sourceTree = "<group>"; };
		5ABFC59319684D3D00EE3612 /* XYZNowWatchingViewController.h */ = {isa = PBXFileReference; fileEncoding = 4; lastKnownFileType = sourcecode.c.h; path = XYZNowWatchingViewController.h; sourceTree = "<group>"; };
		5ABFC59419684D3D00EE3612 /* XYZNowWatchingViewController.m */ = {isa = PBXFileReference; fileEncoding = 4; lastKnownFileType = sourcecode.c.objc; path = XYZNowWatchingViewController.m; sourceTree = "<group>"; };
		5ABFC5991968537D00EE3612 /* XYZNowWatchingPreviewFront.h */ = {isa = PBXFileReference; fileEncoding = 4; lastKnownFileType = sourcecode.c.h; path = XYZNowWatchingPreviewFront.h; sourceTree = "<group>"; };
		5ABFC59A1968537D00EE3612 /* XYZNowWatchingPreviewFront.m */ = {isa = PBXFileReference; fileEncoding = 4; lastKnownFileType = sourcecode.c.objc; path = XYZNowWatchingPreviewFront.m; sourceTree = "<group>"; };
		5ABFC59C196853D300EE3612 /* XYZNowWatchingPreviewBack.h */ = {isa = PBXFileReference; fileEncoding = 4; lastKnownFileType = sourcecode.c.h; path = XYZNowWatchingPreviewBack.h; sourceTree = "<group>"; };
		5ABFC59D196853D300EE3612 /* XYZNowWatchingPreviewBack.m */ = {isa = PBXFileReference; fileEncoding = 4; lastKnownFileType = sourcecode.c.objc; path = XYZNowWatchingPreviewBack.m; sourceTree = "<group>"; };
		5ABFC5A21968C34600EE3612 /* Like.png */ = {isa = PBXFileReference; lastKnownFileType = image.png; path = Like.png; sourceTree = "<group>"; };
		5ABFC5A31968C34600EE3612 /* ReadMore.png */ = {isa = PBXFileReference; lastKnownFileType = image.png; path = ReadMore.png; sourceTree = "<group>"; };
		5ABFC5A41968C34600EE3612 /* Share.png */ = {isa = PBXFileReference; lastKnownFileType = image.png; path = Share.png; sourceTree = "<group>"; };
		5AEA66AC196BFCBB0076D38F /* XYZShow.h */ = {isa = PBXFileReference; fileEncoding = 4; lastKnownFileType = sourcecode.c.h; path = XYZShow.h; sourceTree = "<group>"; };
		5AEA66AD196BFCBB0076D38F /* XYZShow.m */ = {isa = PBXFileReference; fileEncoding = 4; lastKnownFileType = sourcecode.c.objc; path = XYZShow.m; sourceTree = "<group>"; };
		5AEA66B2196F3E700076D38F /* Suggest.png */ = {isa = PBXFileReference; lastKnownFileType = image.png; path = Suggest.png; sourceTree = "<group>"; };
		5AEA66B7196F46470076D38F /* Devashish.png */ = {isa = PBXFileReference; lastKnownFileType = image.png; path = Devashish.png; sourceTree = "<group>"; };
		5AEA66B9196F55D70076D38F /* Play.png */ = {isa = PBXFileReference; lastKnownFileType = image.png; path = Play.png; sourceTree = "<group>"; };
/* End PBXFileReference section */

/* Begin PBXFrameworksBuildPhase section */
		5A476220196704FB00E30E3F /* Frameworks */ = {
			isa = PBXFrameworksBuildPhase;
			buildActionMask = 2147483647;
			files = (
				5A476229196704FB00E30E3F /* CoreGraphics.framework in Frameworks */,
				5A47622B196704FB00E30E3F /* UIKit.framework in Frameworks */,
				5A476227196704FB00E30E3F /* Foundation.framework in Frameworks */,
			);
			runOnlyForDeploymentPostprocessing = 0;
		};
		5A476244196704FB00E30E3F /* Frameworks */ = {
			isa = PBXFrameworksBuildPhase;
			buildActionMask = 2147483647;
			files = (
				5A476249196704FB00E30E3F /* XCTest.framework in Frameworks */,
				5A47624B196704FB00E30E3F /* UIKit.framework in Frameworks */,
				5A47624A196704FB00E30E3F /* Foundation.framework in Frameworks */,
			);
			runOnlyForDeploymentPostprocessing = 0;
		};
/* End PBXFrameworksBuildPhase section */

/* Begin PBXGroup section */
		5A47621A196704FB00E30E3F = {
			isa = PBXGroup;
			children = (
				5A47622C196704FB00E30E3F /* DIS2MobileApplication */,
				5A47624E196704FB00E30E3F /* DIS2MobileApplicationTests */,
				5A476225196704FB00E30E3F /* Frameworks */,
				5A476224196704FB00E30E3F /* Products */,
			);
			sourceTree = "<group>";
		};
		5A476224196704FB00E30E3F /* Products */ = {
			isa = PBXGroup;
			children = (
				5A476223196704FB00E30E3F /* DIS2MobileApplication.app */,
				5A476247196704FB00E30E3F /* DIS2MobileApplicationTests.xctest */,
			);
			name = Products;
			sourceTree = "<group>";
		};
		5A476225196704FB00E30E3F /* Frameworks */ = {
			isa = PBXGroup;
			children = (
				5A476226196704FB00E30E3F /* Foundation.framework */,
				5A476228196704FB00E30E3F /* CoreGraphics.framework */,
				5A47622A196704FB00E30E3F /* UIKit.framework */,
				5A476248196704FB00E30E3F /* XCTest.framework */,
			);
			name = Frameworks;
			sourceTree = "<group>";
		};
		5A47622C196704FB00E30E3F /* DIS2MobileApplication */ = {
			isa = PBXGroup;
			children = (
				5AEA66AA196BFC890076D38F /* Model */,
				5AEA66A3196BF9F20076D38F /* Friends Watching */,
				5ABFC59219684CD800EE3612 /* Now Watching */,
				5A47625E1967056400E30E3F /* Images */,
				5A476235196704FB00E30E3F /* XYZAppDelegate.h */,
				5A476236196704FB00E30E3F /* XYZAppDelegate.m */,
				5A476238196704FB00E30E3F /* Main.storyboard */,
				5A476241196704FB00E30E3F /* Images.xcassets */,
				5A47622D196704FB00E30E3F /* Supporting Files */,
			);
			path = DIS2MobileApplication;
			sourceTree = "<group>";
		};
		5A47622D196704FB00E30E3F /* Supporting Files */ = {
			isa = PBXGroup;
			children = (
				5A47622E196704FB00E30E3F /* DIS2MobileApplication-Info.plist */,
				5A47622F196704FB00E30E3F /* InfoPlist.strings */,
				5A476232196704FB00E30E3F /* main.m */,
				5A476234196704FB00E30E3F /* DIS2MobileApplication-Prefix.pch */,
			);
			name = "Supporting Files";
			sourceTree = "<group>";
		};
		5A47624E196704FB00E30E3F /* DIS2MobileApplicationTests */ = {
			isa = PBXGroup;
			children = (
				5A476254196704FB00E30E3F /* DIS2MobileApplicationTests.m */,
				5A47624F196704FB00E30E3F /* Supporting Files */,
			);
			path = DIS2MobileApplicationTests;
			sourceTree = "<group>";
		};
		5A47624F196704FB00E30E3F /* Supporting Files */ = {
			isa = PBXGroup;
			children = (
				5A476250196704FB00E30E3F /* DIS2MobileApplicationTests-Info.plist */,
				5A476251196704FB00E30E3F /* InfoPlist.strings */,
			);
			name = "Supporting Files";
			sourceTree = "<group>";
		};
		5A47625E1967056400E30E3F /* Images */ = {
			isa = PBXGroup;
			children = (
				5A6095D319729238000EBBEC /* Post */,
				5AEA66B6196F463D0076D38F /* Profile */,
				5ABFC5A11968C30300EE3612 /* Now Watching Preview */,
				5A47625F1967056E00E30E3F /* Shows */,
			);
			name = Images;
			sourceTree = "<group>";
		};
		5A47625F1967056E00E30E3F /* Shows */ = {
			isa = PBXGroup;
			children = (
				5A6095EC1973F7EB000EBBEC /* StrangeLove.png */,
				5A6095D71973E35F000EBBEC /* Frozen.png */,
				5A6095D81973E35F000EBBEC /* Edge.png */,
				5A6095D91973E35F000EBBEC /* Hobbit.png */,
				5A6095DA1973E35F000EBBEC /* Xmen.png */,
				5A6095DB1973E35F000EBBEC /* Matrix.png */,
				5A4762601967064700E30E3F /* GameOfThrones.png */,
			);
			name = Shows;
			sourceTree = "<group>";
		};
		5A6095D319729238000EBBEC /* Post */ = {
			isa = PBXGroup;
			children = (
				5A6095BA19721D74000EBBEC /* Shadow.png */,
			);
			name = Post;
			sourceTree = "<group>";
		};
		5ABFC59219684CD800EE3612 /* Now Watching */ = {
			isa = PBXGroup;
			children = (
				5ABFC59719684D5400EE3612 /* View Controller */,
				5ABFC59619684D4800EE3612 /* XIB and Views */,
			);
			name = "Now Watching";
			sourceTree = "<group>";
		};
		5ABFC59619684D4800EE3612 /* XIB and Views */ = {
			isa = PBXGroup;
			children = (
				5ABFC5A01968548000EE3612 /* PreviewBack */,
				5ABFC59F1968545F00EE3612 /* PreviewFront */,
			);
			name = "XIB and Views";
			sourceTree = "<group>";
		};
		5ABFC59719684D5400EE3612 /* View Controller */ = {
			isa = PBXGroup;
			children = (
				5ABFC59319684D3D00EE3612 /* XYZNowWatchingViewController.h */,
				5ABFC59419684D3D00EE3612 /* XYZNowWatchingViewController.m */,
			);
			name = "View Controller";
			sourceTree = "<group>";
		};
		5ABFC59F1968545F00EE3612 /* PreviewFront */ = {
			isa = PBXGroup;
			children = (
				5ABFC5991968537D00EE3612 /* XYZNowWatchingPreviewFront.h */,
				5ABFC59A1968537D00EE3612 /* XYZNowWatchingPreviewFront.m */,
				5A47626219673D8F00E30E3F /* NowWatchingPreviewFront.xib */,
			);
			name = PreviewFront;
			sourceTree = "<group>";
		};
		5ABFC5A01968548000EE3612 /* PreviewBack */ = {
			isa = PBXGroup;
			children = (
				5A47626419673EDF00E30E3F /* NowWatchingPreviewBack.xib */,
				5ABFC59C196853D300EE3612 /* XYZNowWatchingPreviewBack.h */,
				5ABFC59D196853D300EE3612 /* XYZNowWatchingPreviewBack.m */,
			);
			name = PreviewBack;
			sourceTree = "<group>";
		};
		5ABFC5A11968C30300EE3612 /* Now Watching Preview */ = {
			isa = PBXGroup;
			children = (
				5AEA66B9196F55D70076D38F /* Play.png */,
				5AEA66B2196F3E700076D38F /* Suggest.png */,
				5ABFC5A21968C34600EE3612 /* Like.png */,
				5ABFC5A31968C34600EE3612 /* ReadMore.png */,
				5ABFC5A41968C34600EE3612 /* Share.png */,
			);
			name = "Now Watching Preview";
			sourceTree = "<group>";
		};
		5AEA66A3196BF9F20076D38F /* Friends Watching */ = {
			isa = PBXGroup;
			children = (
				5AEA66A7196BFB710076D38F /* View Controller */,
				5AEA66A8196BFC150076D38F /* XIB and Views */,
			);
			name = "Friends Watching";
			sourceTree = "<group>";
		};
		5AEA66A7196BFB710076D38F /* View Controller */ = {
			isa = PBXGroup;
			children = (
				5A6095BF19722073000EBBEC /* XYZFriendsNowWatchingViewController.h */,
				5A6095C019722073000EBBEC /* XYZFriendsNowWatchingViewController.m */,
			);
			name = "View Controller";
			sourceTree = "<group>";
		};
		5AEA66A8196BFC150076D38F /* XIB and Views */ = {
			isa = PBXGroup;
			children = (
				5A6095C219722424000EBBEC /* Post.xib */,
				5A6095C719727849000EBBEC /* XYZPostView.h */,
				5A6095C819727849000EBBEC /* XYZPostView.m */,
			);
			name = "XIB and Views";
			sourceTree = "<group>";
		};
		5AEA66AA196BFC890076D38F /* Model */ = {
			isa = PBXGroup;
			children = (
				5AEA66AC196BFCBB0076D38F /* XYZShow.h */,
				5AEA66AD196BFCBB0076D38F /* XYZShow.m */,
				5A6095CD1972895A000EBBEC /* XYZPost.h */,
				5A6095CE1972895A000EBBEC /* XYZPost.m */,
				5A6095D019728C1C000EBBEC /* XYZProfile.h */,
				5A6095D119728C1C000EBBEC /* XYZProfile.m */,
				5A6095E61973E3C1000EBBEC /* XYZAllShows.h */,
				5A6095E71973E3C1000EBBEC /* XYZAllShows.m */,
				5A6095E91973F1BF000EBBEC /* XYZAllPosts.h */,
				5A6095EA1973F1BF000EBBEC /* XYZAllPosts.m */,
			);
			name = Model;
			sourceTree = "<group>";
		};
		5AEA66B6196F463D0076D38F /* Profile */ = {
			isa = PBXGroup;
			children = (
				5AEA66B7196F46470076D38F /* Devashish.png */,
			);
			name = Profile;
			sourceTree = "<group>";
		};
/* End PBXGroup section */

/* Begin PBXNativeTarget section */
		5A476222196704FB00E30E3F /* DIS2MobileApplication */ = {
			isa = PBXNativeTarget;
			buildConfigurationList = 5A476258196704FB00E30E3F /* Build configuration list for PBXNativeTarget "DIS2MobileApplication" */;
			buildPhases = (
				5A47621F196704FB00E30E3F /* Sources */,
				5A476220196704FB00E30E3F /* Frameworks */,
				5A476221196704FB00E30E3F /* Resources */,
			);
			buildRules = (
			);
			dependencies = (
			);
			name = DIS2MobileApplication;
			productName = DIS2MobileApplication;
			productReference = 5A476223196704FB00E30E3F /* DIS2MobileApplication.app */;
			productType = "com.apple.product-type.application";
		};
		5A476246196704FB00E30E3F /* DIS2MobileApplicationTests */ = {
			isa = PBXNativeTarget;
			buildConfigurationList = 5A47625B196704FB00E30E3F /* Build configuration list for PBXNativeTarget "DIS2MobileApplicationTests" */;
			buildPhases = (
				5A476243196704FB00E30E3F /* Sources */,
				5A476244196704FB00E30E3F /* Frameworks */,
				5A476245196704FB00E30E3F /* Resources */,
			);
			buildRules = (
			);
			dependencies = (
				5A47624D196704FB00E30E3F /* PBXTargetDependency */,
			);
			name = DIS2MobileApplicationTests;
			productName = DIS2MobileApplicationTests;
			productReference = 5A476247196704FB00E30E3F /* DIS2MobileApplicationTests.xctest */;
			productType = "com.apple.product-type.bundle.unit-test";
		};
/* End PBXNativeTarget section */

/* Begin PBXProject section */
		5A47621B196704FB00E30E3F /* Project object */ = {
			isa = PBXProject;
			attributes = {
				CLASSPREFIX = XYZ;
				LastUpgradeCheck = 0510;
				ORGANIZATIONNAME = "Devashish Jasani";
				TargetAttributes = {
					5A476246196704FB00E30E3F = {
						TestTargetID = 5A476222196704FB00E30E3F;
					};
				};
			};
			buildConfigurationList = 5A47621E196704FB00E30E3F /* Build configuration list for PBXProject "DIS2MobileApplication" */;
			compatibilityVersion = "Xcode 3.2";
			developmentRegion = English;
			hasScannedForEncodings = 0;
			knownRegions = (
				en,
				Base,
			);
			mainGroup = 5A47621A196704FB00E30E3F;
			productRefGroup = 5A476224196704FB00E30E3F /* Products */;
			projectDirPath = "";
			projectRoot = "";
			targets = (
				5A476222196704FB00E30E3F /* DIS2MobileApplication */,
				5A476246196704FB00E30E3F /* DIS2MobileApplicationTests */,
			);
		};
/* End PBXProject section */

/* Begin PBXResourcesBuildPhase section */
		5A476221196704FB00E30E3F /* Resources */ = {
			isa = PBXResourcesBuildPhase;
			buildActionMask = 2147483647;
			files = (
				5A6095DE1973E35F000EBBEC /* Edge.png in Resources */,
				5A6095C319722424000EBBEC /* Post.xib in Resources */,
				5A476242196704FB00E30E3F /* Images.xcassets in Resources */,
				5ABFC5A61968C34600EE3612 /* Like.png in Resources */,
				5A6095ED1973F7EB000EBBEC /* StrangeLove.png in Resources */,
				5A476231196704FB00E30E3F /* InfoPlist.strings in Resources */,
				5A4762611967064700E30E3F /* GameOfThrones.png in Resources */,
				5AEA66BA196F55D80076D38F /* Play.png in Resources */,
				5A47626519673EDF00E30E3F /* NowWatchingPreviewBack.xib in Resources */,
				5A47626319673D8F00E30E3F /* NowWatchingPreviewFront.xib in Resources */,
				5A6095E01973E35F000EBBEC /* Xmen.png in Resources */,
				5A6095DF1973E35F000EBBEC /* Hobbit.png in Resources */,
				5A6095E11973E35F000EBBEC /* Matrix.png in Resources */,
				5A6095DD1973E35F000EBBEC /* Frozen.png in Resources */,
				5AEA66B3196F3E700076D38F /* Suggest.png in Resources */,
				5ABFC5A71968C34600EE3612 /* ReadMore.png in Resources */,
				5A47623A196704FB00E30E3F /* Main.storyboard in Resources */,
				5ABFC5A81968C34600EE3612 /* Share.png in Resources */,
				5AEA66B8196F46470076D38F /* Devashish.png in Resources */,
				5A6095BB19721D74000EBBEC /* Shadow.png in Resources */,
			);
			runOnlyForDeploymentPostprocessing = 0;
		};
		5A476245196704FB00E30E3F /* Resources */ = {
			isa = PBXResourcesBuildPhase;
			buildActionMask = 2147483647;
			files = (
				5A476253196704FB00E30E3F /* InfoPlist.strings in Resources */,
			);
			runOnlyForDeploymentPostprocessing = 0;
		};
/* End PBXResourcesBuildPhase section */

/* Begin PBXSourcesBuildPhase section */
		5A47621F196704FB00E30E3F /* Sources */ = {
			isa = PBXSourcesBuildPhase;
			buildActionMask = 2147483647;
			files = (
				5AEA66AE196BFCBB0076D38F /* XYZShow.m in Sources */,
				5A6095C119722073000EBBEC /* XYZFriendsNowWatchingViewController.m in Sources */,
				5A476237196704FB00E30E3F /* XYZAppDelegate.m in Sources */,
				5A6095D219728C1C000EBBEC /* XYZProfile.m in Sources */,
				5A6095E81973E3C1000EBBEC /* XYZAllShows.m in Sources */,
				5ABFC59E196853D300EE3612 /* XYZNowWatchingPreviewBack.m in Sources */,
				5A6095C919727849000EBBEC /* XYZPostView.m in Sources */,
				5ABFC59519684D3D00EE3612 /* XYZNowWatchingViewController.m in Sources */,
				5ABFC59B1968537D00EE3612 /* XYZNowWatchingPreviewFront.m in Sources */,
				5A6095EB1973F1BF000EBBEC /* XYZAllPosts.m in Sources */,
				5A6095CF1972895A000EBBEC /* XYZPost.m in Sources */,
				5A476233196704FB00E30E3F /* main.m in Sources */,
			);
			runOnlyForDeploymentPostprocessing = 0;
		};
		5A476243196704FB00E30E3F /* Sources */ = {
			isa = PBXSourcesBuildPhase;
			buildActionMask = 2147483647;
			files = (
				5A476255196704FB00E30E3F /* DIS2MobileApplicationTests.m in Sources */,
			);
			runOnlyForDeploymentPostprocessing = 0;
		};
/* End PBXSourcesBuildPhase section */

/* Begin PBXTargetDependency section */
		5A47624D196704FB00E30E3F /* PBXTargetDependency */ = {
			isa = PBXTargetDependency;
			target = 5A476222196704FB00E30E3F /* DIS2MobileApplication */;
			targetProxy = 5A47624C196704FB00E30E3F /* PBXContainerItemProxy */;
		};
/* End PBXTargetDependency section */

/* Begin PBXVariantGroup section */
		5A47622F196704FB00E30E3F /* InfoPlist.strings */ = {
			isa = PBXVariantGroup;
			children = (
				5A476230196704FB00E30E3F /* en */,
			);
			name = InfoPlist.strings;
			sourceTree = "<group>";
		};
		5A476238196704FB00E30E3F /* Main.storyboard */ = {
			isa = PBXVariantGroup;
			children = (
				5A476239196704FB00E30E3F /* Base */,
			);
			name = Main.storyboard;
			sourceTree = "<group>";
		};
		5A476251196704FB00E30E3F /* InfoPlist.strings */ = {
			isa = PBXVariantGroup;
			children = (
				5A476252196704FB00E30E3F /* en */,
			);
			name = InfoPlist.strings;
			sourceTree = "<group>";
		};
/* End PBXVariantGroup section */

/* Begin XCBuildConfiguration section */
		5A476256196704FB00E30E3F /* Debug */ = {
			isa = XCBuildConfiguration;
			buildSettings = {
				ALWAYS_SEARCH_USER_PATHS = NO;
				CLANG_CXX_LANGUAGE_STANDARD = "gnu++0x";
				CLANG_CXX_LIBRARY = "libc++";
				CLANG_ENABLE_MODULES = YES;
				CLANG_ENABLE_OBJC_ARC = YES;
				CLANG_WARN_BOOL_CONVERSION = YES;
				CLANG_WARN_CONSTANT_CONVERSION = YES;
				CLANG_WARN_DIRECT_OBJC_ISA_USAGE = YES_ERROR;
				CLANG_WARN_EMPTY_BODY = YES;
				CLANG_WARN_ENUM_CONVERSION = YES;
				CLANG_WARN_INT_CONVERSION = YES;
				CLANG_WARN_OBJC_ROOT_CLASS = YES_ERROR;
				CLANG_WARN__DUPLICATE_METHOD_MATCH = YES;
				"CODE_SIGN_IDENTITY[sdk=iphoneos*]" = "iPhone Developer";
				COPY_PHASE_STRIP = NO;
				GCC_C_LANGUAGE_STANDARD = gnu99;
				GCC_DYNAMIC_NO_PIC = NO;
				GCC_OPTIMIZATION_LEVEL = 0;
				GCC_PREPROCESSOR_DEFINITIONS = (
					"DEBUG=1",
					"$(inherited)",
				);
				GCC_SYMBOLS_PRIVATE_EXTERN = NO;
				GCC_WARN_64_TO_32_BIT_CONVERSION = YES;
				GCC_WARN_ABOUT_RETURN_TYPE = YES_ERROR;
				GCC_WARN_UNDECLARED_SELECTOR = YES;
				GCC_WARN_UNINITIALIZED_AUTOS = YES_AGGRESSIVE;
				GCC_WARN_UNUSED_FUNCTION = YES;
				GCC_WARN_UNUSED_VARIABLE = YES;
				IPHONEOS_DEPLOYMENT_TARGET = 7.1;
				ONLY_ACTIVE_ARCH = YES;
				SDKROOT = iphoneos;
			};
			name = Debug;
		};
		5A476257196704FB00E30E3F /* Release */ = {
			isa = XCBuildConfiguration;
			buildSettings = {
				ALWAYS_SEARCH_USER_PATHS = NO;
				CLANG_CXX_LANGUAGE_STANDARD = "gnu++0x";
				CLANG_CXX_LIBRARY = "libc++";
				CLANG_ENABLE_MODULES = YES;
				CLANG_ENABLE_OBJC_ARC = YES;
				CLANG_WARN_BOOL_CONVERSION = YES;
				CLANG_WARN_CONSTANT_CONVERSION = YES;
				CLANG_WARN_DIRECT_OBJC_ISA_USAGE = YES_ERROR;
				CLANG_WARN_EMPTY_BODY = YES;
				CLANG_WARN_ENUM_CONVERSION = YES;
				CLANG_WARN_INT_CONVERSION = YES;
				CLANG_WARN_OBJC_ROOT_CLASS = YES_ERROR;
				CLANG_WARN__DUPLICATE_METHOD_MATCH = YES;
				"CODE_SIGN_IDENTITY[sdk=iphoneos*]" = "iPhone Developer";
				COPY_PHASE_STRIP = YES;
				ENABLE_NS_ASSERTIONS = NO;
				GCC_C_LANGUAGE_STANDARD = gnu99;
				GCC_WARN_64_TO_32_BIT_CONVERSION = YES;
				GCC_WARN_ABOUT_RETURN_TYPE = YES_ERROR;
				GCC_WARN_UNDECLARED_SELECTOR = YES;
				GCC_WARN_UNINITIALIZED_AUTOS = YES_AGGRESSIVE;
				GCC_WARN_UNUSED_FUNCTION = YES;
				GCC_WARN_UNUSED_VARIABLE = YES;
				IPHONEOS_DEPLOYMENT_TARGET = 7.1;
				SDKROOT = iphoneos;
				VALIDATE_PRODUCT = YES;
			};
			name = Release;
		};
		5A476259196704FB00E30E3F /* Debug */ = {
			isa = XCBuildConfiguration;
			buildSettings = {
				ASSETCATALOG_COMPILER_APPICON_NAME = AppIcon;
				ASSETCATALOG_COMPILER_LAUNCHIMAGE_NAME = LaunchImage;
				CLANG_ENABLE_MODULES = NO;
				GCC_PRECOMPILE_PREFIX_HEADER = YES;
				GCC_PREFIX_HEADER = "DIS2MobileApplication/DIS2MobileApplication-Prefix.pch";
				INFOPLIST_FILE = "DIS2MobileApplication/DIS2MobileApplication-Info.plist";
				PRODUCT_NAME = "$(TARGET_NAME)";
				WRAPPER_EXTENSION = app;
			};
			name = Debug;
		};
		5A47625A196704FB00E30E3F /* Release */ = {
			isa = XCBuildConfiguration;
			buildSettings = {
				ASSETCATALOG_COMPILER_APPICON_NAME = AppIcon;
				ASSETCATALOG_COMPILER_LAUNCHIMAGE_NAME = LaunchImage;
				CLANG_ENABLE_MODULES = NO;
				GCC_PRECOMPILE_PREFIX_HEADER = YES;
				GCC_PREFIX_HEADER = "DIS2MobileApplication/DIS2MobileApplication-Prefix.pch";
				INFOPLIST_FILE = "DIS2MobileApplication/DIS2MobileApplication-Info.plist";
				PRODUCT_NAME = "$(TARGET_NAME)";
				WRAPPER_EXTENSION = app;
			};
			name = Release;
		};
		5A47625C196704FB00E30E3F /* Debug */ = {
			isa = XCBuildConfiguration;
			buildSettings = {
				BUNDLE_LOADER = "$(BUILT_PRODUCTS_DIR)/DIS2MobileApplication.app/DIS2MobileApplication";
				FRAMEWORK_SEARCH_PATHS = (
					"$(SDKROOT)/Developer/Library/Frameworks",
					"$(inherited)",
					"$(DEVELOPER_FRAMEWORKS_DIR)",
				);
				GCC_PRECOMPILE_PREFIX_HEADER = YES;
				GCC_PREFIX_HEADER = "DIS2MobileApplication/DIS2MobileApplication-Prefix.pch";
				GCC_PREPROCESSOR_DEFINITIONS = (
					"DEBUG=1",
					"$(inherited)",
				);
				INFOPLIST_FILE = "DIS2MobileApplicationTests/DIS2MobileApplicationTests-Info.plist";
				PRODUCT_NAME = "$(TARGET_NAME)";
				TEST_HOST = "$(BUNDLE_LOADER)";
				WRAPPER_EXTENSION = xctest;
			};
			name = Debug;
		};
		5A47625D196704FB00E30E3F /* Release */ = {
			isa = XCBuildConfiguration;
			buildSettings = {
				BUNDLE_LOADER = "$(BUILT_PRODUCTS_DIR)/DIS2MobileApplication.app/DIS2MobileApplication";
				FRAMEWORK_SEARCH_PATHS = (
					"$(SDKROOT)/Developer/Library/Frameworks",
					"$(inherited)",
					"$(DEVELOPER_FRAMEWORKS_DIR)",
				);
				GCC_PRECOMPILE_PREFIX_HEADER = YES;
				GCC_PREFIX_HEADER = "DIS2MobileApplication/DIS2MobileApplication-Prefix.pch";
				INFOPLIST_FILE = "DIS2MobileApplicationTests/DIS2MobileApplicationTests-Info.plist";
				PRODUCT_NAME = "$(TARGET_NAME)";
				TEST_HOST = "$(BUNDLE_LOADER)";
				WRAPPER_EXTENSION = xctest;
			};
			name = Release;
		};
/* End XCBuildConfiguration section */

/* Begin XCConfigurationList section */
		5A47621E196704FB00E30E3F /* Build configuration list for PBXProject "DIS2MobileApplication" */ = {
			isa = XCConfigurationList;
			buildConfigurations = (
				5A476256196704FB00E30E3F /* Debug */,
				5A476257196704FB00E30E3F /* Release */,
			);
			defaultConfigurationIsVisible = 0;
			defaultConfigurationName = Release;
		};
		5A476258196704FB00E30E3F /* Build configuration list for PBXNativeTarget "DIS2MobileApplication" */ = {
			isa = XCConfigurationList;
			buildConfigurations = (
				5A476259196704FB00E30E3F /* Debug */,
				5A47625A196704FB00E30E3F /* Release */,
			);
			defaultConfigurationIsVisible = 0;
			defaultConfigurationName = Release;
		};
		5A47625B196704FB00E30E3F /* Build configuration list for PBXNativeTarget "DIS2MobileApplicationTests" */ = {
			isa = XCConfigurationList;
			buildConfigurations = (
				5A47625C196704FB00E30E3F /* Debug */,
				5A47625D196704FB00E30E3F /* Release */,
			);
			defaultConfigurationIsVisible = 0;
			defaultConfigurationName = Release;
		};
/* End XCConfigurationList section */
	};
	rootObject = 5A47621B196704FB00E30E3F /* Project object */;
}
